
Microsoft Visual Studio Solution File, Format Version 12.00
# Visual Studio 14
VisualStudioVersion = 14.0.25420.1
MinimumVisualStudioVersion = 10.0.40219.1
Project("{FAE04EC0-301F-11D3-BF4B-00C04F79EFBC}") = "Wpf_SimpleCalculator", "Wpf_SimpleCalculator\Wpf_SimpleCalculator.csproj", "{B7378C31-BE29-4E9E-B16D-0E66E08B797B}"
EndProject
Global
	GlobalSection(SolutionConfigurationPlatforms) = preSolution
		Debug|Any CPU = Debug|Any CPU
		Release|Any CPU = Release|Any CPU
	EndGlobalSection
	GlobalSection(ProjectConfigurationPlatforms) = postSolution
		{B7378C31-BE29-4E9E-B16D-0E66E08B797B}.Debug|Any CPU.ActiveCfg = Debug|Any CPU
		{B7378C31-BE29-4E9E-B16D-0E66E08B797B}.Debug|Any CPU.Build.0 = Debug|Any CPU
		{B7378C31-BE29-4E9E-B16D-0E66E08B797B}.Release|Any CPU.ActiveCfg = Release|Any CPU
		{B7378C31-BE29-4E9E-B16D-0E66E08B797B}.Release|Any CPU.Build.0 = Release|Any CPU
	EndGlobalSection
	GlobalSection(SolutionProperties) = preSolution
		HideSolutionNode = FALSE
	EndGlobalSection
	GlobalSection(ExtensibilityGlobals) = postSolution
		SolutionGuid = {4C228756-E3E5-455D-A39F-5D4CB8489F99}
	EndGlobalSection
EndGlobal
